
Microsoft Visual Studio Solution File, Format Version 12.00
# Visual Studio 15
VisualStudioVersion = 15.0.27428.2011
MinimumVisualStudioVersion = 10.0.40219.1
Project("{FAE04EC0-301F-11D3-BF4B-00C04F79EFBC}") = "Ilisimatusarfik.CourseCoordinator.Commons", "Ilisimatusarfik.CourseCoordinator.Commons\Ilisimatusarfik.CourseCoordinator.Commons.csproj", "{ABCFD037-33DA-4FF6-82F3-31DC2D05C9E0}"
EndProject
Project("{00D1A9C2-B5F0-4AF3-8072-F6C62B433612}") = "Ilisimatusarfik.Database", "Ilisimatusarfik.Database\Ilisimatusarfik.Database.sqlproj", "{31AAB58B-4948-4639-A095-DC006114CF9A}"
EndProject
Project("{FAE04EC0-301F-11D3-BF4B-00C04F79EFBC}") = "Ilisimatusarfik.Commons.Implementations", "Ilisimatusarfik.Commons.Implementations\Ilisimatusarfik.Commons.Implementations.csproj", "{CDC206F4-A5EF-49A1-86B0-639C6CDB37E5}"
EndProject
Global
	GlobalSection(SolutionConfigurationPlatforms) = preSolution
		Debug|Any CPU = Debug|Any CPU
		Release|Any CPU = Release|Any CPU
	EndGlobalSection
	GlobalSection(ProjectConfigurationPlatforms) = postSolution
		{ABCFD037-33DA-4FF6-82F3-31DC2D05C9E0}.Debug|Any CPU.ActiveCfg = Debug|Any CPU
		{ABCFD037-33DA-4FF6-82F3-31DC2D05C9E0}.Debug|Any CPU.Build.0 = Debug|Any CPU
		{ABCFD037-33DA-4FF6-82F3-31DC2D05C9E0}.Release|Any CPU.ActiveCfg = Release|Any CPU
		{ABCFD037-33DA-4FF6-82F3-31DC2D05C9E0}.Release|Any CPU.Build.0 = Release|Any CPU
		{31AAB58B-4948-4639-A095-DC006114CF9A}.Debug|Any CPU.ActiveCfg = Debug|Any CPU
		{31AAB58B-4948-4639-A095-DC006114CF9A}.Debug|Any CPU.Build.0 = Debug|Any CPU
		{31AAB58B-4948-4639-A095-DC006114CF9A}.Debug|Any CPU.Deploy.0 = Debug|Any CPU
		{31AAB58B-4948-4639-A095-DC006114CF9A}.Release|Any CPU.ActiveCfg = Release|Any CPU
		{31AAB58B-4948-4639-A095-DC006114CF9A}.Release|Any CPU.Build.0 = Release|Any CPU
		{31AAB58B-4948-4639-A095-DC006114CF9A}.Release|Any CPU.Deploy.0 = Release|Any CPU
		{CDC206F4-A5EF-49A1-86B0-639C6CDB37E5}.Debug|Any CPU.ActiveCfg = Debug|Any CPU
		{CDC206F4-A5EF-49A1-86B0-639C6CDB37E5}.Debug|Any CPU.Build.0 = Debug|Any CPU
		{CDC206F4-A5EF-49A1-86B0-639C6CDB37E5}.Release|Any CPU.ActiveCfg = Release|Any CPU
		{CDC206F4-A5EF-49A1-86B0-639C6CDB37E5}.Release|Any CPU.Build.0 = Release|Any CPU
	EndGlobalSection
	GlobalSection(SolutionProperties) = preSolution
		HideSolutionNode = FALSE
	EndGlobalSection
	GlobalSection(ExtensibilityGlobals) = postSolution
		SolutionGuid = {2D452744-FB50-47B2-8E8F-226C27A8138D}
	EndGlobalSection
EndGlobal
